
Microsoft Visual Studio Solution File, Format Version 12.00
# Visual Studio Version 16
VisualStudioVersion = 16.0.29324.140
MinimumVisualStudioVersion = 10.0.40219.1
Project("{00D1A9C2-B5F0-4AF3-8072-F6C62B433612}") = "OEESimpleDB", "OEESimpleDB\OEESimpleDB.sqlproj", "{D50FA5CD-65D5-42A8-B628-0F96F80B60DB}"
EndProject
Global
	GlobalSection(SolutionConfigurationPlatforms) = preSolution
		Debug|Any CPU = Debug|Any CPU
		Release|Any CPU = Release|Any CPU
	EndGlobalSection
	GlobalSection(ProjectConfigurationPlatforms) = postSolution
		{D50FA5CD-65D5-42A8-B628-0F96F80B60DB}.Debug|Any CPU.ActiveCfg = Debug|Any CPU
		{D50FA5CD-65D5-42A8-B628-0F96F80B60DB}.Debug|Any CPU.Build.0 = Debug|Any CPU
		{D50FA5CD-65D5-42A8-B628-0F96F80B60DB}.Debug|Any CPU.Deploy.0 = Debug|Any CPU
		{D50FA5CD-65D5-42A8-B628-0F96F80B60DB}.Release|Any CPU.ActiveCfg = Release|Any CPU
		{D50FA5CD-65D5-42A8-B628-0F96F80B60DB}.Release|Any CPU.Build.0 = Release|Any CPU
		{D50FA5CD-65D5-42A8-B628-0F96F80B60DB}.Release|Any CPU.Deploy.0 = Release|Any CPU
	EndGlobalSection
	GlobalSection(SolutionProperties) = preSolution
		HideSolutionNode = FALSE
	EndGlobalSection
	GlobalSection(ExtensibilityGlobals) = postSolution
		SolutionGuid = {76991C0B-1CCD-4CD2-98A3-6BB7C0C9D195}
	EndGlobalSection
EndGlobal
